
Microsoft Visual Studio Solution File, Format Version 12.00
# Blend for Visual Studio 14
VisualStudioVersion = 14.0.23107.0
MinimumVisualStudioVersion = 10.0.40219.1
Project("{FAE04EC0-301F-11D3-BF4B-00C04F79EFBC}") = "AutomatedTrading", "AutomatedTrading\AutomatedTrading.csproj", "{C60088E5-5330-4A7C-8BC0-340FFFF269FB}"
EndProject
Project("{FAE04EC0-301F-11D3-BF4B-00C04F79EFBC}") = "AutoTrade.PresentionFramework", "AutoTrade.PresentionFramework\AutoTrade.PresentionFramework.csproj", "{678F1706-42C2-48B7-80F3-E3AE555B1B0B}"
EndProject
Project("{FAE04EC0-301F-11D3-BF4B-00C04F79EFBC}") = "AutoTrade.Service", "AutoTrade.Service\AutoTrade.Service.csproj", "{1E09F41E-88AD-46F6-9BD9-6ED21A83FF97}"
EndProject
Project("{FAE04EC0-301F-11D3-BF4B-00C04F79EFBC}") = "AutoTrade.Model", "AutoTrade.Model\AutoTrade.Model.csproj", "{D9D07FD2-367B-42F5-9699-21FAA8CA78DF}"
EndProject
Project("{FAE04EC0-301F-11D3-BF4B-00C04F79EFBC}") = "AutoTrade.Common", "AutoTrade.Common\AutoTrade.Common.csproj", "{079434F4-04F8-43BE-BCC1-718CB8A346BA}"
EndProject
Project("{FAE04EC0-301F-11D3-BF4B-00C04F79EFBC}") = "AutoTrade.ViewModel", "AutoTrade.ViewModel\AutoTrade.ViewModel.csproj", "{DE4A3E53-0670-4AC7-B509-000A3647CD60}"
EndProject
Global
	GlobalSection(SolutionConfigurationPlatforms) = preSolution
		Debug|Any CPU = Debug|Any CPU
		Release|Any CPU = Release|Any CPU
	EndGlobalSection
	GlobalSection(ProjectConfigurationPlatforms) = postSolution
		{C60088E5-5330-4A7C-8BC0-340FFFF269FB}.Debug|Any CPU.ActiveCfg = Debug|Any CPU
		{C60088E5-5330-4A7C-8BC0-340FFFF269FB}.Debug|Any CPU.Build.0 = Debug|Any CPU
		{C60088E5-5330-4A7C-8BC0-340FFFF269FB}.Release|Any CPU.ActiveCfg = Release|Any CPU
		{C60088E5-5330-4A7C-8BC0-340FFFF269FB}.Release|Any CPU.Build.0 = Release|Any CPU
		{678F1706-42C2-48B7-80F3-E3AE555B1B0B}.Debug|Any CPU.ActiveCfg = Debug|Any CPU
		{678F1706-42C2-48B7-80F3-E3AE555B1B0B}.Debug|Any CPU.Build.0 = Debug|Any CPU
		{678F1706-42C2-48B7-80F3-E3AE555B1B0B}.Release|Any CPU.ActiveCfg = Release|Any CPU
		{678F1706-42C2-48B7-80F3-E3AE555B1B0B}.Release|Any CPU.Build.0 = Release|Any CPU
		{1E09F41E-88AD-46F6-9BD9-6ED21A83FF97}.Debug|Any CPU.ActiveCfg = Debug|Any CPU
		{1E09F41E-88AD-46F6-9BD9-6ED21A83FF97}.Debug|Any CPU.Build.0 = Debug|Any CPU
		{1E09F41E-88AD-46F6-9BD9-6ED21A83FF97}.Release|Any CPU.ActiveCfg = Release|Any CPU
		{1E09F41E-88AD-46F6-9BD9-6ED21A83FF97}.Release|Any CPU.Build.0 = Release|Any CPU
		{D9D07FD2-367B-42F5-9699-21FAA8CA78DF}.Debug|Any CPU.ActiveCfg = Debug|Any CPU
		{D9D07FD2-367B-42F5-9699-21FAA8CA78DF}.Debug|Any CPU.Build.0 = Debug|Any CPU
		{D9D07FD2-367B-42F5-9699-21FAA8CA78DF}.Release|Any CPU.ActiveCfg = Release|Any CPU
		{D9D07FD2-367B-42F5-9699-21FAA8CA78DF}.Release|Any CPU.Build.0 = Release|Any CPU
		{079434F4-04F8-43BE-BCC1-718CB8A346BA}.Debug|Any CPU.ActiveCfg = Debug|Any CPU
		{079434F4-04F8-43BE-BCC1-718CB8A346BA}.Debug|Any CPU.Build.0 = Debug|Any CPU
		{079434F4-04F8-43BE-BCC1-718CB8A346BA}.Release|Any CPU.ActiveCfg = Release|Any CPU
		{079434F4-04F8-43BE-BCC1-718CB8A346BA}.Release|Any CPU.Build.0 = Release|Any CPU
		{DE4A3E53-0670-4AC7-B509-000A3647CD60}.Debug|Any CPU.ActiveCfg = Debug|Any CPU
		{DE4A3E53-0670-4AC7-B509-000A3647CD60}.Debug|Any CPU.Build.0 = Debug|Any CPU
		{DE4A3E53-0670-4AC7-B509-000A3647CD60}.Release|Any CPU.ActiveCfg = Release|Any CPU
		{DE4A3E53-0670-4AC7-B509-000A3647CD60}.Release|Any CPU.Build.0 = Release|Any CPU
	EndGlobalSection
	GlobalSection(SolutionProperties) = preSolution
		HideSolutionNode = FALSE
	EndGlobalSection
EndGlobal
